
Microsoft Visual Studio Solution File, Format Version 12.00
# Visual Studio Version 17
VisualStudioVersion = 17.1.32210.238
MinimumVisualStudioVersion = 10.0.40219.1
Project("{9A19103F-16F7-4668-BE54-9A1E7A4F7556}") = "SWEN2-TourPlanner", "SWEN2-TourPlanner\SWEN2-TourPlanner.csproj", "{8F75FFDB-2622-4D93-879D-239095D708FE}"
EndProject
Project("{9A19103F-16F7-4668-BE54-9A1E7A4F7556}") = "SWEN2-REST", "..\SWEN2-REST\SWEN2-REST\SWEN2-REST.csproj", "{481DD658-73E4-4C86-ADBA-F3D7A9327E03}"
EndProject
Project("{FAE04EC0-301F-11D3-BF4B-00C04F79EFBC}") = "SWE-Routenplaner-DataAccess", "..\SWE-Routenplaner-DataAccess\SWE-Routenplaner-DataAccess.csproj", "{5E757389-7C00-4AF1-8A79-B62FCE2AB0EC}"
EndProject
Project("{FAE04EC0-301F-11D3-BF4B-00C04F79EFBC}") = "SWE-Routenplaner-Business", "..\SWE-Routenplaner-Business\SWE-Routenplaner-Business.csproj", "{470EBE02-F1FE-46DB-8933-F48211327DF8}"
EndProject
Global
	GlobalSection(SolutionConfigurationPlatforms) = preSolution
		Debug|Any CPU = Debug|Any CPU
		Release|Any CPU = Release|Any CPU
	EndGlobalSection
	GlobalSection(ProjectConfigurationPlatforms) = postSolution
		{8F75FFDB-2622-4D93-879D-239095D708FE}.Debug|Any CPU.ActiveCfg = Debug|Any CPU
		{8F75FFDB-2622-4D93-879D-239095D708FE}.Debug|Any CPU.Build.0 = Debug|Any CPU
		{8F75FFDB-2622-4D93-879D-239095D708FE}.Release|Any CPU.ActiveCfg = Release|Any CPU
		{8F75FFDB-2622-4D93-879D-239095D708FE}.Release|Any CPU.Build.0 = Release|Any CPU
		{481DD658-73E4-4C86-ADBA-F3D7A9327E03}.Debug|Any CPU.ActiveCfg = Debug|Any CPU
		{481DD658-73E4-4C86-ADBA-F3D7A9327E03}.Debug|Any CPU.Build.0 = Debug|Any CPU
		{481DD658-73E4-4C86-ADBA-F3D7A9327E03}.Release|Any CPU.ActiveCfg = Release|Any CPU
		{481DD658-73E4-4C86-ADBA-F3D7A9327E03}.Release|Any CPU.Build.0 = Release|Any CPU
		{5E757389-7C00-4AF1-8A79-B62FCE2AB0EC}.Debug|Any CPU.ActiveCfg = Debug|Any CPU
		{5E757389-7C00-4AF1-8A79-B62FCE2AB0EC}.Debug|Any CPU.Build.0 = Debug|Any CPU
		{5E757389-7C00-4AF1-8A79-B62FCE2AB0EC}.Release|Any CPU.ActiveCfg = Release|Any CPU
		{5E757389-7C00-4AF1-8A79-B62FCE2AB0EC}.Release|Any CPU.Build.0 = Release|Any CPU
		{470EBE02-F1FE-46DB-8933-F48211327DF8}.Debug|Any CPU.ActiveCfg = Debug|Any CPU
		{470EBE02-F1FE-46DB-8933-F48211327DF8}.Debug|Any CPU.Build.0 = Debug|Any CPU
		{470EBE02-F1FE-46DB-8933-F48211327DF8}.Release|Any CPU.ActiveCfg = Release|Any CPU
		{470EBE02-F1FE-46DB-8933-F48211327DF8}.Release|Any CPU.Build.0 = Release|Any CPU
	EndGlobalSection
	GlobalSection(SolutionProperties) = preSolution
		HideSolutionNode = FALSE
	EndGlobalSection
	GlobalSection(ExtensibilityGlobals) = postSolution
		SolutionGuid = {3E8AF47F-6E73-482C-9CEC-AF6787131249}
	EndGlobalSection
EndGlobal
